// !$*UTF8*$!
{
	archiveVersion = 1;
	classes = {
	};
	objectVersion = 50;
	objects = {

/* Begin PBXBuildFile section */
		C2BB52892564ADAA00CE4FED /* AppDelegate.swift in Sources */ = {isa = PBXBuildFile; fileRef = C2BB52882564ADAA00CE4FED /* AppDelegate.swift */; };
		C2BB528B2564ADAA00CE4FED /* SceneDelegate.swift in Sources */ = {isa = PBXBuildFile; fileRef = C2BB528A2564ADAA00CE4FED /* SceneDelegate.swift */; };
		C2BB528D2564ADAA00CE4FED /* ViewController.swift in Sources */ = {isa = PBXBuildFile; fileRef = C2BB528C2564ADAA00CE4FED /* ViewController.swift */; };
		C2BB52902564ADAA00CE4FED /* Main.storyboard in Resources */ = {isa = PBXBuildFile; fileRef = C2BB528E2564ADAA00CE4FED /* Main.storyboard */; };
		C2BB52922564ADAB00CE4FED /* Assets.xcassets in Resources */ = {isa = PBXBuildFile; fileRef = C2BB52912564ADAB00CE4FED /* Assets.xcassets */; };
		C2BB52952564ADAB00CE4FED /* LaunchScreen.storyboard in Resources */ = {isa = PBXBuildFile; fileRef = C2BB52932564ADAB00CE4FED /* LaunchScreen.storyboard */; };
		C2BB52A02564ADAB00CE4FED /* TipCalculatorTests.swift in Sources */ = {isa = PBXBuildFile; fileRef = C2BB529F2564ADAB00CE4FED /* TipCalculatorTests.swift */; };
		C2BB52AB2564ADAB00CE4FED /* TipCalculatorUITests.swift in Sources */ = {isa = PBXBuildFile; fileRef = C2BB52AA2564ADAB00CE4FED /* TipCalculatorUITests.swift */; };
/* End PBXBuildFile section */

/* Begin PBXContainerItemProxy section */
		C2BB529C2564ADAB00CE4FED /* PBXContainerItemProxy */ = {
			isa = PBXContainerItemProxy;
			containerPortal = C2BB527D2564ADAA00CE4FED /* Project object */;
			proxyType = 1;
			remoteGlobalIDString = C2BB52842564ADAA00CE4FED;
			remoteInfo = TipCalculator;
		};
		C2BB52A72564ADAB00CE4FED /* PBXContainerItemProxy */ = {
			isa = PBXContainerItemProxy;
			containerPortal = C2BB527D2564ADAA00CE4FED /* Project object */;
			proxyType = 1;
			remoteGlobalIDString = C2BB52842564ADAA00CE4FED;
			remoteInfo = TipCalculator;
		};
/* End PBXContainerItemProxy section */

/* Begin PBXFileReference section */
		C2BB52852564ADAA00CE4FED /* TipCalculator.app */ = {isa = PBXFileReference; explicitFileType = wrapper.application; includeInIndex = 0; path = TipCalculator.app; sourceTree = BUILT_PRODUCTS_DIR; };
		C2BB52882564ADAA00CE4FED /* AppDelegate.swift */ = {isa = PBXFileReference; lastKnownFileType = sourcecode.swift; path = AppDelegate.swift; sourceTree = "<group>"; };
		C2BB528A2564ADAA00CE4FED /* SceneDelegate.swift */ = {isa = PBXFileReference; lastKnownFileType = sourcecode.swift; path = SceneDelegate.swift; sourceTree = "<group>"; };
		C2BB528C2564ADAA00CE4FED /* ViewController.swift */ = {isa = PBXFileReference; lastKnownFileType = sourcecode.swift; path = ViewController.swift; sourceTree = "<group>"; };
		C2BB528F2564ADAA00CE4FED /* Base */ = {isa = PBXFileReference; lastKnownFileType = file.storyboard; name = Base; path = Base.lproj/Main.storyboard; sourceTree = "<group>"; };
		C2BB52912564ADAB00CE4FED /* Assets.xcassets */ = {isa = PBXFileReference; lastKnownFileType = folder.assetcatalog; path = Assets.xcassets; sourceTree = "<group>"; };
		C2BB52942564ADAB00CE4FED /* Base */ = {isa = PBXFileReference; lastKnownFileType = file.storyboard; name = Base; path = Base.lproj/LaunchScreen.storyboard; sourceTree = "<group>"; };
		C2BB52962564ADAB00CE4FED /* Info.plist */ = {isa = PBXFileReference; lastKnownFileType = text.plist.xml; path = Info.plist; sourceTree = "<group>"; };
		C2BB529B2564ADAB00CE4FED /* TipCalculatorTests.xctest */ = {isa = PBXFileReference; explicitFileType = wrapper.cfbundle; includeInIndex = 0; path = TipCalculatorTests.xctest; sourceTree = BUILT_PRODUCTS_DIR; };
		C2BB529F2564ADAB00CE4FED /* TipCalculatorTests.swift */ = {isa = PBXFileReference; lastKnownFileType = sourcecode.swift; path = TipCalculatorTests.swift; sourceTree = "<group>"; };
		C2BB52A12564ADAB00CE4FED /* Info.plist */ = {isa = PBXFileReference; lastKnownFileType = text.plist.xml; path = Info.plist; sourceTree = "<group>"; };
		C2BB52A62564ADAB00CE4FED /* TipCalculatorUITests.xctest */ = {isa = PBXFileReference; explicitFileType = wrapper.cfbundle; includeInIndex = 0; path = TipCalculatorUITests.xctest; sourceTree = BUILT_PRODUCTS_DIR; };
		C2BB52AA2564ADAB00CE4FED /* TipCalculatorUITests.swift */ = {isa = PBXFileReference; lastKnownFileType = sourcecode.swift; path = TipCalculatorUITests.swift; sourceTree = "<group>"; };
		C2BB52AC2564ADAB00CE4FED /* Info.plist */ = {isa = PBXFileReference; lastKnownFileType = text.plist.xml; path = Info.plist; sourceTree = "<group>"; };
/* End PBXFileReference section */

/* Begin PBXFrameworksBuildPhase section */
		C2BB52822564ADAA00CE4FED /* Frameworks */ = {
			isa = PBXFrameworksBuildPhase;
			buildActionMask = 2147483647;
			files = (
			);
			runOnlyForDeploymentPostprocessing = 0;
		};
		C2BB52982564ADAB00CE4FED /* Frameworks */ = {
			isa = PBXFrameworksBuildPhase;
			buildActionMask = 2147483647;
			files = (
			);
			runOnlyForDeploymentPostprocessing = 0;
		};
		C2BB52A32564ADAB00CE4FED /* Frameworks */ = {
			isa = PBXFrameworksBuildPhase;
			buildActionMask = 2147483647;
			files = (
			);
			runOnlyForDeploymentPostprocessing = 0;
		};
/* End PBXFrameworksBuildPhase section */

/* Begin PBXGroup section */
		C2BB527C2564ADAA00CE4FED = {
			isa = PBXGroup;
			children = (
				C2BB52872564ADAA00CE4FED /* TipCalculator */,
				C2BB529E2564ADAB00CE4FED /* TipCalculatorTests */,
				C2BB52A92564ADAB00CE4FED /* TipCalculatorUITests */,
				C2BB52862564ADAA00CE4FED /* Products */,
			);
			sourceTree = "<group>";
		};
		C2BB52862564ADAA00CE4FED /* Products */ = {
			isa = PBXGroup;
			children = (
				C2BB52852564ADAA00CE4FED /* TipCalculator.app */,
				C2BB529B2564ADAB00CE4FED /* TipCalculatorTests.xctest */,
				C2BB52A62564ADAB00CE4FED /* TipCalculatorUITests.xctest */,
			);
			name = Products;
			sourceTree = "<group>";
		};
		C2BB52872564ADAA00CE4FED /* TipCalculator */ = {
			isa = PBXGroup;
			children = (
				C2BB52882564ADAA00CE4FED /* AppDelegate.swift */,
				C2BB528A2564ADAA00CE4FED /* SceneDelegate.swift */,
				C2BB528C2564ADAA00CE4FED /* ViewController.swift */,
				C2BB528E2564ADAA00CE4FED /* Main.storyboard */,
				C2BB52912564ADAB00CE4FED /* Assets.xcassets */,
				C2BB52932564ADAB00CE4FED /* LaunchScreen.storyboard */,
				C2BB52962564ADAB00CE4FED /* Info.plist */,
			);
			path = TipCalculator;
			sourceTree = "<group>";
		};
		C2BB529E2564ADAB00CE4FED /* TipCalculatorTests */ = {
			isa = PBXGroup;
			children = (
				C2BB529F2564ADAB00CE4FED /* TipCalculatorTests.swift */,
				C2BB52A12564ADAB00CE4FED /* Info.plist */,
			);
			path = TipCalculatorTests;
			sourceTree = "<group>";
		};
		C2BB52A92564ADAB00CE4FED /* TipCalculatorUITests */ = {
			isa = PBXGroup;
			children = (
				C2BB52AA2564ADAB00CE4FED /* TipCalculatorUITests.swift */,
				C2BB52AC2564ADAB00CE4FED /* Info.plist */,
			);
			path = TipCalculatorUITests;
			sourceTree = "<group>";
		};
/* End PBXGroup section */

/* Begin PBXNativeTarget section */
		C2BB52842564ADAA00CE4FED /* TipCalculator */ = {
			isa = PBXNativeTarget;
			buildConfigurationList = C2BB52AF2564ADAB00CE4FED /* Build configuration list for PBXNativeTarget "TipCalculator" */;
			buildPhases = (
				C2BB52812564ADAA00CE4FED /* Sources */,
				C2BB52822564ADAA00CE4FED /* Frameworks */,
				C2BB52832564ADAA00CE4FED /* Resources */,
			);
			buildRules = (
			);
			dependencies = (
			);
			name = TipCalculator;
			productName = TipCalculator;
			productReference = C2BB52852564ADAA00CE4FED /* TipCalculator.app */;
			productType = "com.apple.product-type.application";
		};
		C2BB529A2564ADAB00CE4FED /* TipCalculatorTests */ = {
			isa = PBXNativeTarget;
			buildConfigurationList = C2BB52B22564ADAB00CE4FED /* Build configuration list for PBXNativeTarget "TipCalculatorTests" */;
			buildPhases = (
				C2BB52972564ADAB00CE4FED /* Sources */,
				C2BB52982564ADAB00CE4FED /* Frameworks */,
				C2BB52992564ADAB00CE4FED /* Resources */,
			);
			buildRules = (
			);
			dependencies = (
				C2BB529D2564ADAB00CE4FED /* PBXTargetDependency */,
			);
			name = TipCalculatorTests;
			productName = TipCalculatorTests;
			productReference = C2BB529B2564ADAB00CE4FED /* TipCalculatorTests.xctest */;
			productType = "com.apple.product-type.bundle.unit-test";
		};
		C2BB52A52564ADAB00CE4FED /* TipCalculatorUITests */ = {
			isa = PBXNativeTarget;
			buildConfigurationList = C2BB52B52564ADAB00CE4FED /* Build configuration list for PBXNativeTarget "TipCalculatorUITests" */;
			buildPhases = (
				C2BB52A22564ADAB00CE4FED /* Sources */,
				C2BB52A32564ADAB00CE4FED /* Frameworks */,
				C2BB52A42564ADAB00CE4FED /* Resources */,
			);
			buildRules = (
			);
			dependencies = (
				C2BB52A82564ADAB00CE4FED /* PBXTargetDependency */,
			);
			name = TipCalculatorUITests;
			productName = TipCalculatorUITests;
			productReference = C2BB52A62564ADAB00CE4FED /* TipCalculatorUITests.xctest */;
			productType = "com.apple.product-type.bundle.ui-testing";
		};
/* End PBXNativeTarget section */

/* Begin PBXProject section */
		C2BB527D2564ADAA00CE4FED /* Project object */ = {
			isa = PBXProject;
			attributes = {
				LastSwiftUpdateCheck = 1220;
				LastUpgradeCheck = 1220;
				TargetAttributes = {
					C2BB52842564ADAA00CE4FED = {
						CreatedOnToolsVersion = 12.2;
					};
					C2BB529A2564ADAB00CE4FED = {
						CreatedOnToolsVersion = 12.2;
						TestTargetID = C2BB52842564ADAA00CE4FED;
					};
					C2BB52A52564ADAB00CE4FED = {
						CreatedOnToolsVersion = 12.2;
						TestTargetID = C2BB52842564ADAA00CE4FED;
					};
				};
			};
			buildConfigurationList = C2BB52802564ADAA00CE4FED /* Build configuration list for PBXProject "TipCalculator" */;
			compatibilityVersion = "Xcode 9.3";
			developmentRegion = en;
			hasScannedForEncodings = 0;
			knownRegions = (
				en,
				Base,
			);
			mainGroup = C2BB527C2564ADAA00CE4FED;
			productRefGroup = C2BB52862564ADAA00CE4FED /* Products */;
			projectDirPath = "";
			projectRoot = "";
			targets = (
				C2BB52842564ADAA00CE4FED /* TipCalculator */,
				C2BB529A2564ADAB00CE4FED /* TipCalculatorTests */,
				C2BB52A52564ADAB00CE4FED /* TipCalculatorUITests */,
			);
		};
/* End PBXProject section */

/* Begin PBXResourcesBuildPhase section */
		C2BB52832564ADAA00CE4FED /* Resources */ = {
			isa = PBXResourcesBuildPhase;
			buildActionMask = 2147483647;
			files = (
				C2BB52952564ADAB00CE4FED /* LaunchScreen.storyboard in Resources */,
				C2BB52922564ADAB00CE4FED /* Assets.xcassets in Resources */,
				C2BB52902564ADAA00CE4FED /* Main.storyboard in Resources */,
			);
			runOnlyForDeploymentPostprocessing = 0;
		};
		C2BB52992564ADAB00CE4FED /* Resources */ = {
			isa = PBXResourcesBuildPhase;
			buildActionMask = 2147483647;
			files = (
			);
			runOnlyForDeploymentPostprocessing = 0;
		};
		C2BB52A42564ADAB00CE4FED /* Resources */ = {
			isa = PBXResourcesBuildPhase;
			buildActionMask = 2147483647;
			files = (
			);
			runOnlyForDeploymentPostprocessing = 0;
		};
/* End PBXResourcesBuildPhase section */

/* Begin PBXSourcesBuildPhase section */
		C2BB52812564ADAA00CE4FED /* Sources */ = {
			isa = PBXSourcesBuildPhase;
			buildActionMask = 2147483647;
			files = (
				C2BB528D2564ADAA00CE4FED /* ViewController.swift in Sources */,
				C2BB52892564ADAA00CE4FED /* AppDelegate.swift in Sources */,
				C2BB528B2564ADAA00CE4FED /* SceneDelegate.swift in Sources */,
			);
			runOnlyForDeploymentPostprocessing = 0;
		};
		C2BB52972564ADAB00CE4FED /* Sources */ = {
			isa = PBXSourcesBuildPhase;
			buildActionMask = 2147483647;
			files = (
				C2BB52A02564ADAB00CE4FED /* TipCalculatorTests.swift in Sources */,
			);
			runOnlyForDeploymentPostprocessing = 0;
		};
		C2BB52A22564ADAB00CE4FED /* Sources */ = {
			isa = PBXSourcesBuildPhase;
			buildActionMask = 2147483647;
			files = (
				C2BB52AB2564ADAB00CE4FED /* TipCalculatorUITests.swift in Sources */,
			);
			runOnlyForDeploymentPostprocessing = 0;
		};
/* End PBXSourcesBuildPhase section */

/* Begin PBXTargetDependency section */
		C2BB529D2564ADAB00CE4FED /* PBXTargetDependency */ = {
			isa = PBXTargetDependency;
			target = C2BB52842564ADAA00CE4FED /* TipCalculator */;
			targetProxy = C2BB529C2564ADAB00CE4FED /* PBXContainerItemProxy */;
		};
		C2BB52A82564ADAB00CE4FED /* PBXTargetDependency */ = {
			isa = PBXTargetDependency;
			target = C2BB52842564ADAA00CE4FED /* TipCalculator */;
			targetProxy = C2BB52A72564ADAB00CE4FED /* PBXContainerItemProxy */;
		};
/* End PBXTargetDependency section */

/* Begin PBXVariantGroup section */
		C2BB528E2564ADAA00CE4FED /* Main.storyboard */ = {
			isa = PBXVariantGroup;
			children = (
				C2BB528F2564ADAA00CE4FED /* Base */,
			);
			name = Main.storyboard;
			sourceTree = "<group>";
		};
		C2BB52932564ADAB00CE4FED /* LaunchScreen.storyboard */ = {
			isa = PBXVariantGroup;
			children = (
				C2BB52942564ADAB00CE4FED /* Base */,
			);
			name = LaunchScreen.storyboard;
			sourceTree = "<group>";
		};
/* End PBXVariantGroup section */

/* Begin XCBuildConfiguration section */
		C2BB52AD2564ADAB00CE4FED /* Debug */ = {
			isa = XCBuildConfiguration;
			buildSettings = {
				ALWAYS_SEARCH_USER_PATHS = NO;
				CLANG_ANALYZER_NONNULL = YES;
				CLANG_ANALYZER_NUMBER_OBJECT_CONVERSION = YES_AGGRESSIVE;
				CLANG_CXX_LANGUAGE_STANDARD = "gnu++14";
				CLANG_CXX_LIBRARY = "libc++";
				CLANG_ENABLE_MODULES = YES;
				CLANG_ENABLE_OBJC_ARC = YES;
				CLANG_ENABLE_OBJC_WEAK = YES;
				CLANG_WARN_BLOCK_CAPTURE_AUTORELEASING = YES;
				CLANG_WARN_BOOL_CONVERSION = YES;
				CLANG_WARN_COMMA = YES;
				CLANG_WARN_CONSTANT_CONVERSION = YES;
				CLANG_WARN_DEPRECATED_OBJC_IMPLEMENTATIONS = YES;
				CLANG_WARN_DIRECT_OBJC_ISA_USAGE = YES_ERROR;
				CLANG_WARN_DOCUMENTATION_COMMENTS = YES;
				CLANG_WARN_EMPTY_BODY = YES;
				CLANG_WARN_ENUM_CONVERSION = YES;
				CLANG_WARN_INFINITE_RECURSION = YES;
				CLANG_WARN_INT_CONVERSION = YES;
				CLANG_WARN_NON_LITERAL_NULL_CONVERSION = YES;
				CLANG_WARN_OBJC_IMPLICIT_RETAIN_SELF = YES;
				CLANG_WARN_OBJC_LITERAL_CONVERSION = YES;
				CLANG_WARN_OBJC_ROOT_CLASS = YES_ERROR;
				CLANG_WARN_QUOTED_INCLUDE_IN_FRAMEWORK_HEADER = YES;
				CLANG_WARN_RANGE_LOOP_ANALYSIS = YES;
				CLANG_WARN_STRICT_PROTOTYPES = YES;
				CLANG_WARN_SUSPICIOUS_MOVE = YES;
				CLANG_WARN_UNGUARDED_AVAILABILITY = YES_AGGRESSIVE;
				CLANG_WARN_UNREACHABLE_CODE = YES;
				CLANG_WARN__DUPLICATE_METHOD_MATCH = YES;
				COPY_PHASE_STRIP = NO;
				DEBUG_INFORMATION_FORMAT = dwarf;
				ENABLE_STRICT_OBJC_MSGSEND = YES;
				ENABLE_TESTABILITY = YES;
				GCC_C_LANGUAGE_STANDARD = gnu11;
				GCC_DYNAMIC_NO_PIC = NO;
				GCC_NO_COMMON_BLOCKS = YES;
				GCC_OPTIMIZATION_LEVEL = 0;
				GCC_PREPROCESSOR_DEFINITIONS = (
					"DEBUG=1",
					"$(inherited)",
				);
				GCC_WARN_64_TO_32_BIT_CONVERSION = YES;
				GCC_WARN_ABOUT_RETURN_TYPE = YES_ERROR;
				GCC_WARN_UNDECLARED_SELECTOR = YES;
				GCC_WARN_UNINITIALIZED_AUTOS = YES_AGGRESSIVE;
				GCC_WARN_UNUSED_FUNCTION = YES;
				GCC_WARN_UNUSED_VARIABLE = YES;
				IPHONEOS_DEPLOYMENT_TARGET = 14.2;
				MTL_ENABLE_DEBUG_INFO = INCLUDE_SOURCE;
				MTL_FAST_MATH = YES;
				ONLY_ACTIVE_ARCH = YES;
				SDKROOT = iphoneos;
				SWIFT_ACTIVE_COMPILATION_CONDITIONS = DEBUG;
				SWIFT_OPTIMIZATION_LEVEL = "-Onone";
			};
			name = Debug;
		};
		C2BB52AE2564ADAB00CE4FED /* Release */ = {
			isa = XCBuildConfiguration;
			buildSettings = {
				ALWAYS_SEARCH_USER_PATHS = NO;
				CLANG_ANALYZER_NONNULL = YES;
				CLANG_ANALYZER_NUMBER_OBJECT_CONVERSION = YES_AGGRESSIVE;
				CLANG_CXX_LANGUAGE_STANDARD = "gnu++14";
				CLANG_CXX_LIBRARY = "libc++";
				CLANG_ENABLE_MODULES = YES;
				CLANG_ENABLE_OBJC_ARC = YES;
				CLANG_ENABLE_OBJC_WEAK = YES;
				CLANG_WARN_BLOCK_CAPTURE_AUTORELEASING = YES;
				CLANG_WARN_BOOL_CONVERSION = YES;
				CLANG_WARN_COMMA = YES;
				CLANG_WARN_CONSTANT_CONVERSION = YES;
				CLANG_WARN_DEPRECATED_OBJC_IMPLEMENTATIONS = YES;
				CLANG_WARN_DIRECT_OBJC_ISA_USAGE = YES_ERROR;
				CLANG_WARN_DOCUMENTATION_COMMENTS = YES;
				CLANG_WARN_EMPTY_BODY = YES;
				CLANG_WARN_ENUM_CONVERSION = YES;
				CLANG_WARN_INFINITE_RECURSION = YES;
				CLANG_WARN_INT_CONVERSION = YES;
				CLANG_WARN_NON_LITERAL_NULL_CONVERSION = YES;
				CLANG_WARN_OBJC_IMPLICIT_RETAIN_SELF = YES;
				CLANG_WARN_OBJC_LITERAL_CONVERSION = YES;
				CLANG_WARN_OBJC_ROOT_CLASS = YES_ERROR;
				CLANG_WARN_QUOTED_INCLUDE_IN_FRAMEWORK_HEADER = YES;
				CLANG_WARN_RANGE_LOOP_ANALYSIS = YES;
				CLANG_WARN_STRICT_PROTOTYPES = YES;
				CLANG_WARN_SUSPICIOUS_MOVE = YES;
				CLANG_WARN_UNGUARDED_AVAILABILITY = YES_AGGRESSIVE;
				CLANG_WARN_UNREACHABLE_CODE = YES;
				CLANG_WARN__DUPLICATE_METHOD_MATCH = YES;
				COPY_PHASE_STRIP = NO;
				DEBUG_INFORMATION_FORMAT = "dwarf-with-dsym";
				ENABLE_NS_ASSERTIONS = NO;
				ENABLE_STRICT_OBJC_MSGSEND = YES;
				GCC_C_LANGUAGE_STANDARD = gnu11;
				GCC_NO_COMMON_BLOCKS = YES;
				GCC_WARN_64_TO_32_BIT_CONVERSION = YES;
				GCC_WARN_ABOUT_RETURN_TYPE = YES_ERROR;
				GCC_WARN_UNDECLARED_SELECTOR = YES;
				GCC_WARN_UNINITIALIZED_AUTOS = YES_AGGRESSIVE;
				GCC_WARN_UNUSED_FUNCTION = YES;
				GCC_WARN_UNUSED_VARIABLE = YES;
				IPHONEOS_DEPLOYMENT_TARGET = 14.2;
				MTL_ENABLE_DEBUG_INFO = NO;
				MTL_FAST_MATH = YES;
				SDKROOT = iphoneos;
				SWIFT_COMPILATION_MODE = wholemodule;
				SWIFT_OPTIMIZATION_LEVEL = "-O";
				VALIDATE_PRODUCT = YES;
			};
			name = Release;
		};
		C2BB52B02564ADAB00CE4FED /* Debug */ = {
			isa = XCBuildConfiguration;
			buildSettings = {
				ASSETCATALOG_COMPILER_APPICON_NAME = AppIcon;
				ASSETCATALOG_COMPILER_GLOBAL_ACCENT_COLOR_NAME = AccentColor;
				CODE_SIGN_STYLE = Automatic;
				INFOPLIST_FILE = TipCalculator/Info.plist;
				LD_RUNPATH_SEARCH_PATHS = (
					"$(inherited)",
					"@executable_path/Frameworks",
				);
				PRODUCT_BUNDLE_IDENTIFIER = Codepath.TipCalculator;
				PRODUCT_NAME = "$(TARGET_NAME)";
				SWIFT_VERSION = 5.0;
				TARGETED_DEVICE_FAMILY = "1,2";
			};
			name = Debug;
		};
		C2BB52B12564ADAB00CE4FED /* Release */ = {
			isa = XCBuildConfiguration;
			buildSettings = {
				ASSETCATALOG_COMPILER_APPICON_NAME = AppIcon;
				ASSETCATALOG_COMPILER_GLOBAL_ACCENT_COLOR_NAME = AccentColor;
				CODE_SIGN_STYLE = Automatic;
				INFOPLIST_FILE = TipCalculator/Info.plist;
				LD_RUNPATH_SEARCH_PATHS = (
					"$(inherited)",
					"@executable_path/Frameworks",
				);
				PRODUCT_BUNDLE_IDENTIFIER = Codepath.TipCalculator;
				PRODUCT_NAME = "$(TARGET_NAME)";
				SWIFT_VERSION = 5.0;
				TARGETED_DEVICE_FAMILY = "1,2";
			};
			name = Release;
		};
		C2BB52B32564ADAB00CE4FED /* Debug */ = {
			isa = XCBuildConfiguration;
			buildSettings = {
				ALWAYS_EMBED_SWIFT_STANDARD_LIBRARIES = YES;
				BUNDLE_LOADER = "$(TEST_HOST)";
				CODE_SIGN_STYLE = Automatic;
				INFOPLIST_FILE = TipCalculatorTests/Info.plist;
				IPHONEOS_DEPLOYMENT_TARGET = 14.2;
				LD_RUNPATH_SEARCH_PATHS = (
					"$(inherited)",
					"@executable_path/Frameworks",
					"@loader_path/Frameworks",
				);
				PRODUCT_BUNDLE_IDENTIFIER = Codepath.TipCalculatorTests;
				PRODUCT_NAME = "$(TARGET_NAME)";
				SWIFT_VERSION = 5.0;
				TARGETED_DEVICE_FAMILY = "1,2";
				TEST_HOST = "$(BUILT_PRODUCTS_DIR)/TipCalculator.app/TipCalculator";
			};
			name = Debug;
		};
		C2BB52B42564ADAB00CE4FED /* Release */ = {
			isa = XCBuildConfiguration;
			buildSettings = {
				ALWAYS_EMBED_SWIFT_STANDARD_LIBRARIES = YES;
				BUNDLE_LOADER = "$(TEST_HOST)";
				CODE_SIGN_STYLE = Automatic;
				INFOPLIST_FILE = TipCalculatorTests/Info.plist;
				IPHONEOS_DEPLOYMENT_TARGET = 14.2;
				LD_RUNPATH_SEARCH_PATHS = (
					"$(inherited)",
					"@executable_path/Frameworks",
					"@loader_path/Frameworks",
				);
				PRODUCT_BUNDLE_IDENTIFIER = Codepath.TipCalculatorTests;
				PRODUCT_NAME = "$(TARGET_NAME)";
				SWIFT_VERSION = 5.0;
				TARGETED_DEVICE_FAMILY = "1,2";
				TEST_HOST = "$(BUILT_PRODUCTS_DIR)/TipCalculator.app/TipCalculator";
			};
			name = Release;
		};
		C2BB52B62564ADAB00CE4FED /* Debug */ = {
			isa = XCBuildConfiguration;
			buildSettings = {
				ALWAYS_EMBED_SWIFT_STANDARD_LIBRARIES = YES;
				CODE_SIGN_STYLE = Automatic;
				INFOPLIST_FILE = TipCalculatorUITests/Info.plist;
				LD_RUNPATH_SEARCH_PATHS = (
					"$(inherited)",
					"@executable_path/Frameworks",
					"@loader_path/Frameworks",
				);
				PRODUCT_BUNDLE_IDENTIFIER = Codepath.TipCalculatorUITests;
				PRODUCT_NAME = "$(TARGET_NAME)";
				SWIFT_VERSION = 5.0;
				TARGETED_DEVICE_FAMILY = "1,2";
				TEST_TARGET_NAME = TipCalculator;
			};
			name = Debug;
		};
		C2BB52B72564ADAB00CE4FED /* Release */ = {
			isa = XCBuildConfiguration;
			buildSettings = {
				ALWAYS_EMBED_SWIFT_STANDARD_LIBRARIES = YES;
				CODE_SIGN_STYLE = Automatic;
				INFOPLIST_FILE = TipCalculatorUITests/Info.plist;
				LD_RUNPATH_SEARCH_PATHS = (
					"$(inherited)",
					"@executable_path/Frameworks",
					"@loader_path/Frameworks",
				);
				PRODUCT_BUNDLE_IDENTIFIER = Codepath.TipCalculatorUITests;
				PRODUCT_NAME = "$(TARGET_NAME)";
				SWIFT_VERSION = 5.0;
				TARGETED_DEVICE_FAMILY = "1,2";
				TEST_TARGET_NAME = TipCalculator;
			};
			name = Release;
		};
/* End XCBuildConfiguration section */

/* Begin XCConfigurationList section */
		C2BB52802564ADAA00CE4FED /* Build configuration list for PBXProject "TipCalculator" */ = {
			isa = XCConfigurationList;
			buildConfigurations = (
				C2BB52AD2564ADAB00CE4FED /* Debug */,
				C2BB52AE2564ADAB00CE4FED /* Release */,
			);
			defaultConfigurationIsVisible = 0;
			defaultConfigurationName = Release;
		};
		C2BB52AF2564ADAB00CE4FED /* Build configuration list for PBXNativeTarget "TipCalculator" */ = {
			isa = XCConfigurationList;
			buildConfigurations = (
				C2BB52B02564ADAB00CE4FED /* Debug */,
				C2BB52B12564ADAB00CE4FED /* Release */,
			);
			defaultConfigurationIsVisible = 0;
			defaultConfigurationName = Release;
		};
		C2BB52B22564ADAB00CE4FED /* Build configuration list for PBXNativeTarget "TipCalculatorTests" */ = {
			isa = XCConfigurationList;
			buildConfigurations = (
				C2BB52B32564ADAB00CE4FED /* Debug */,
				C2BB52B42564ADAB00CE4FED /* Release */,
			);
			defaultConfigurationIsVisible = 0;
			defaultConfigurationName = Release;
		};
		C2BB52B52564ADAB00CE4FED /* Build configuration list for PBXNativeTarget "TipCalculatorUITests" */ = {
			isa = XCConfigurationList;
			buildConfigurations = (
				C2BB52B62564ADAB00CE4FED /* Debug */,
				C2BB52B72564ADAB00CE4FED /* Release */,
			);
			defaultConfigurationIsVisible = 0;
			defaultConfigurationName = Release;
		};
/* End XCConfigurationList section */
	};
	rootObject = C2BB527D2564ADAA00CE4FED /* Project object */;
}
